
Microsoft Visual Studio Solution File, Format Version 12.00
# Visual Studio Version 16
VisualStudioVersion = 16.0.30711.63
MinimumVisualStudioVersion = 10.0.40219.1
Project("{9A19103F-16F7-4668-BE54-9A1E7A4F7556}") = "RugbyManager", "RugbyManager\RugbyManager.csproj", "{90774F1A-0E0B-47C5-8C5B-FEFAFF8F5A02}"
EndProject
Project("{9A19103F-16F7-4668-BE54-9A1E7A4F7556}") = "RugbyManager.DataAccess", "RugbyManager.DataAccess\RugbyManager.DataAccess.csproj", "{565E275F-A1C0-4DE7-A48E-AA0A2E5079DD}"
EndProject
Project("{FAE04EC0-301F-11D3-BF4B-00C04F79EFBC}") = "RugbyManager.UnitTests.Services", "RugbyManager.UnitTests.Services\RugbyManager.UnitTests.Services.csproj", "{7F97D611-0C26-41CE-97AA-86821E0C6C8F}"
EndProject
Global
	GlobalSection(SolutionConfigurationPlatforms) = preSolution
		Debug|Any CPU = Debug|Any CPU
		Release|Any CPU = Release|Any CPU
	EndGlobalSection
	GlobalSection(ProjectConfigurationPlatforms) = postSolution
		{90774F1A-0E0B-47C5-8C5B-FEFAFF8F5A02}.Debug|Any CPU.ActiveCfg = Debug|Any CPU
		{90774F1A-0E0B-47C5-8C5B-FEFAFF8F5A02}.Debug|Any CPU.Build.0 = Debug|Any CPU
		{90774F1A-0E0B-47C5-8C5B-FEFAFF8F5A02}.Release|Any CPU.ActiveCfg = Release|Any CPU
		{90774F1A-0E0B-47C5-8C5B-FEFAFF8F5A02}.Release|Any CPU.Build.0 = Release|Any CPU
		{565E275F-A1C0-4DE7-A48E-AA0A2E5079DD}.Debug|Any CPU.ActiveCfg = Debug|Any CPU
		{565E275F-A1C0-4DE7-A48E-AA0A2E5079DD}.Debug|Any CPU.Build.0 = Debug|Any CPU
		{565E275F-A1C0-4DE7-A48E-AA0A2E5079DD}.Release|Any CPU.ActiveCfg = Release|Any CPU
		{565E275F-A1C0-4DE7-A48E-AA0A2E5079DD}.Release|Any CPU.Build.0 = Release|Any CPU
		{7F97D611-0C26-41CE-97AA-86821E0C6C8F}.Debug|Any CPU.ActiveCfg = Debug|Any CPU
		{7F97D611-0C26-41CE-97AA-86821E0C6C8F}.Debug|Any CPU.Build.0 = Debug|Any CPU
		{7F97D611-0C26-41CE-97AA-86821E0C6C8F}.Release|Any CPU.ActiveCfg = Release|Any CPU
		{7F97D611-0C26-41CE-97AA-86821E0C6C8F}.Release|Any CPU.Build.0 = Release|Any CPU
	EndGlobalSection
	GlobalSection(SolutionProperties) = preSolution
		HideSolutionNode = FALSE
	EndGlobalSection
	GlobalSection(ExtensibilityGlobals) = postSolution
		SolutionGuid = {17949E23-55ED-4B64-8E52-C0C5F0F6594E}
	EndGlobalSection
EndGlobal
